
Microsoft Visual Studio Solution File, Format Version 11.00
# Visual Studio 2010
Project("{2150E333-8FDC-42A3-9474-1A3956D46DE8}") = "EzLibraries", "EzLibraries", "{C44BE8DE-82C1-418D-94E0-EC90A37E3A38}"
EndProject
Project("{2150E333-8FDC-42A3-9474-1A3956D46DE8}") = "EzBiz", "EzBiz", "{114AC81B-F86F-4329-B693-124A573D8873}"
EndProject
Project("{2150E333-8FDC-42A3-9474-1A3956D46DE8}") = "EzDB", "EzDB", "{3BBC76D6-DFD9-4CDC-9B30-4E650BCD83AA}"
EndProject
Project("{FAE04EC0-301F-11D3-BF4B-00C04F79EFBC}") = "Ez.Web", "Ez.Web\Ez.Web.csproj", "{6FF2261D-6B25-4690-94E5-21D501B34169}"
EndProject
Project("{FAE04EC0-301F-11D3-BF4B-00C04F79EFBC}") = "Ez.Controllers", "Ez.Controllers\Ez.Controllers.csproj", "{FB0FEACB-27BA-4020-9739-83BDB2CD21CE}"
EndProject
Project("{FAE04EC0-301F-11D3-BF4B-00C04F79EFBC}") = "Ez.Dtos", "Ez.Dtos\Ez.Dtos.csproj", "{299F0E12-F8BE-419E-8A78-60FEEF3CA008}"
EndProject
Project("{FAE04EC0-301F-11D3-BF4B-00C04F79EFBC}") = "Ez.UI", "Ez.UI\Ez.UI.csproj", "{6BE4D1F7-86A7-4593-A1B5-F225D4224913}"
EndProject
Project("{FAE04EC0-301F-11D3-BF4B-00C04F79EFBC}") = "Ez.Helper", "Ez.Helper\Ez.Helper.csproj", "{C62E0ECE-88B6-4FCC-8C53-0420E3F9A7F0}"
EndProject
Project("{FAE04EC0-301F-11D3-BF4B-00C04F79EFBC}") = "Ez.Core", "Ez.Core\Ez.Core.csproj", "{28697493-02E3-4DF9-9D52-34200ACF84FD}"
EndProject
Project("{FAE04EC0-301F-11D3-BF4B-00C04F79EFBC}") = "Ez.Config", "Ez.Config\Ez.Config.csproj", "{FFF84EB9-7BE4-4F00-AFA7-8E18B9C9ACE4}"
EndProject
Project("{FAE04EC0-301F-11D3-BF4B-00C04F79EFBC}") = "Ez.Biz", "Ez.Biz\Ez.Biz.csproj", "{1A5FA8A0-5B17-4721-9E9D-AD808ABF4D74}"
EndProject
Project("{FAE04EC0-301F-11D3-BF4B-00C04F79EFBC}") = "Ez.DBContract", "Ez.DBContract\Ez.DBContract.csproj", "{E4758656-6AF0-49A0-85ED-31CA7DC6E291}"
EndProject
Project("{FAE04EC0-301F-11D3-BF4B-00C04F79EFBC}") = "Ez.Cache", "Ez.Cache\Ez.Cache.csproj", "{6F2B9131-5DDC-4C7A-9F4F-0B039980D1F1}"
EndProject
Project("{FAE04EC0-301F-11D3-BF4B-00C04F79EFBC}") = "Ez.Payment", "Ez.Payment\Ez.Payment.csproj", "{96A49E70-BD5C-4F4D-B2D0-9602DC0578E0}"
EndProject
Project("{FAE04EC0-301F-11D3-BF4B-00C04F79EFBC}") = "TestConsole", "TestConsole\TestConsole.csproj", "{596931CE-ECB8-42DD-B766-55729B973A29}"
EndProject
Project("{FAE04EC0-301F-11D3-BF4B-00C04F79EFBC}") = "Ez.Plug", "Ez.Plug\Ez.Plug.csproj", "{6487DA74-5F1E-40D0-A472-E6AA4F9BEC20}"
EndProject
Project("{FAE04EC0-301F-11D3-BF4B-00C04F79EFBC}") = "Ez.XControls", "Ez.XControls\Ez.XControls.csproj", "{5743757C-8FA3-4140-A79A-0F7B1195D843}"
EndProject
Project("{FAE04EC0-301F-11D3-BF4B-00C04F79EFBC}") = "Ez.WinForm", "Ez.WinForm\Ez.WinForm.csproj", "{7872AC28-144F-4374-B099-2BB845CFA062}"
EndProject
Project("{FAE04EC0-301F-11D3-BF4B-00C04F79EFBC}") = "Ez.WcfHost", "Ez.WcfHost\Ez.WcfHost.csproj", "{656AC580-FFFB-42EE-9C35-BC3997857D0A}"
EndProject
Project("{2150E333-8FDC-42A3-9474-1A3956D46DE8}") = "Test", "Test", "{141F0434-C02E-428B-AD16-3A98A4D3A0AD}"
EndProject
Project("{FAE04EC0-301F-11D3-BF4B-00C04F79EFBC}") = "Ez.BizContract", "Ez.BizContract\Ez.BizContract.csproj", "{2DA79ADD-CD4B-46CF-B2BF-858A5F9C688A}"
EndProject
Project("{FAE04EC0-301F-11D3-BF4B-00C04F79EFBC}") = "Ez.DB", "Ez.DB\Ez.DB.csproj", "{0EFC25AF-F5C8-4BD7-B876-9F1B04D435EB}"
EndProject
Project("{FAE04EC0-301F-11D3-BF4B-00C04F79EFBC}") = "Ez.Lang", "Ez.Lang\Ez.Lang.csproj", "{96E57BDA-6F29-4A9C-BE75-BF79FC6105FA}"
EndProject
Global
	GlobalSection(SolutionConfigurationPlatforms) = preSolution
		Debug|Any CPU = Debug|Any CPU
		Debug|Mixed Platforms = Debug|Mixed Platforms
		Debug|x86 = Debug|x86
		Release|Any CPU = Release|Any CPU
		Release|Mixed Platforms = Release|Mixed Platforms
		Release|x86 = Release|x86
	EndGlobalSection
	GlobalSection(ProjectConfigurationPlatforms) = postSolution
		{6FF2261D-6B25-4690-94E5-21D501B34169}.Debug|Any CPU.ActiveCfg = Debug|Any CPU
		{6FF2261D-6B25-4690-94E5-21D501B34169}.Debug|Any CPU.Build.0 = Debug|Any CPU
		{6FF2261D-6B25-4690-94E5-21D501B34169}.Debug|Mixed Platforms.ActiveCfg = Debug|Any CPU
		{6FF2261D-6B25-4690-94E5-21D501B34169}.Debug|Mixed Platforms.Build.0 = Debug|Any CPU
		{6FF2261D-6B25-4690-94E5-21D501B34169}.Debug|x86.ActiveCfg = Debug|Any CPU
		{6FF2261D-6B25-4690-94E5-21D501B34169}.Release|Any CPU.ActiveCfg = Release|Any CPU
		{6FF2261D-6B25-4690-94E5-21D501B34169}.Release|Any CPU.Build.0 = Release|Any CPU
		{6FF2261D-6B25-4690-94E5-21D501B34169}.Release|Mixed Platforms.ActiveCfg = Release|Any CPU
		{6FF2261D-6B25-4690-94E5-21D501B34169}.Release|Mixed Platforms.Build.0 = Release|Any CPU
		{6FF2261D-6B25-4690-94E5-21D501B34169}.Release|x86.ActiveCfg = Release|Any CPU
		{FB0FEACB-27BA-4020-9739-83BDB2CD21CE}.Debug|Any CPU.ActiveCfg = Debug|Any CPU
		{FB0FEACB-27BA-4020-9739-83BDB2CD21CE}.Debug|Any CPU.Build.0 = Debug|Any CPU
		{FB0FEACB-27BA-4020-9739-83BDB2CD21CE}.Debug|Mixed Platforms.ActiveCfg = Debug|Any CPU
		{FB0FEACB-27BA-4020-9739-83BDB2CD21CE}.Debug|Mixed Platforms.Build.0 = Debug|Any CPU
		{FB0FEACB-27BA-4020-9739-83BDB2CD21CE}.Debug|x86.ActiveCfg = Debug|Any CPU
		{FB0FEACB-27BA-4020-9739-83BDB2CD21CE}.Release|Any CPU.ActiveCfg = Release|Any CPU
		{FB0FEACB-27BA-4020-9739-83BDB2CD21CE}.Release|Any CPU.Build.0 = Release|Any CPU
		{FB0FEACB-27BA-4020-9739-83BDB2CD21CE}.Release|Mixed Platforms.ActiveCfg = Release|Any CPU
		{FB0FEACB-27BA-4020-9739-83BDB2CD21CE}.Release|Mixed Platforms.Build.0 = Release|Any CPU
		{FB0FEACB-27BA-4020-9739-83BDB2CD21CE}.Release|x86.ActiveCfg = Release|Any CPU
		{299F0E12-F8BE-419E-8A78-60FEEF3CA008}.Debug|Any CPU.ActiveCfg = Debug|Any CPU
		{299F0E12-F8BE-419E-8A78-60FEEF3CA008}.Debug|Any CPU.Build.0 = Debug|Any CPU
		{299F0E12-F8BE-419E-8A78-60FEEF3CA008}.Debug|Mixed Platforms.ActiveCfg = Debug|Any CPU
		{299F0E12-F8BE-419E-8A78-60FEEF3CA008}.Debug|Mixed Platforms.Build.0 = Debug|Any CPU
		{299F0E12-F8BE-419E-8A78-60FEEF3CA008}.Debug|x86.ActiveCfg = Debug|Any CPU
		{299F0E12-F8BE-419E-8A78-60FEEF3CA008}.Release|Any CPU.ActiveCfg = Release|Any CPU
		{299F0E12-F8BE-419E-8A78-60FEEF3CA008}.Release|Any CPU.Build.0 = Release|Any CPU
		{299F0E12-F8BE-419E-8A78-60FEEF3CA008}.Release|Mixed Platforms.ActiveCfg = Release|Any CPU
		{299F0E12-F8BE-419E-8A78-60FEEF3CA008}.Release|Mixed Platforms.Build.0 = Release|Any CPU
		{299F0E12-F8BE-419E-8A78-60FEEF3CA008}.Release|x86.ActiveCfg = Release|Any CPU
		{6BE4D1F7-86A7-4593-A1B5-F225D4224913}.Debug|Any CPU.ActiveCfg = Debug|Any CPU
		{6BE4D1F7-86A7-4593-A1B5-F225D4224913}.Debug|Any CPU.Build.0 = Debug|Any CPU
		{6BE4D1F7-86A7-4593-A1B5-F225D4224913}.Debug|Mixed Platforms.ActiveCfg = Debug|Any CPU
		{6BE4D1F7-86A7-4593-A1B5-F225D4224913}.Debug|Mixed Platforms.Build.0 = Debug|Any CPU
		{6BE4D1F7-86A7-4593-A1B5-F225D4224913}.Debug|x86.ActiveCfg = Debug|Any CPU
		{6BE4D1F7-86A7-4593-A1B5-F225D4224913}.Release|Any CPU.ActiveCfg = Release|Any CPU
		{6BE4D1F7-86A7-4593-A1B5-F225D4224913}.Release|Any CPU.Build.0 = Release|Any CPU
		{6BE4D1F7-86A7-4593-A1B5-F225D4224913}.Release|Mixed Platforms.ActiveCfg = Release|Any CPU
		{6BE4D1F7-86A7-4593-A1B5-F225D4224913}.Release|Mixed Platforms.Build.0 = Release|Any CPU
		{6BE4D1F7-86A7-4593-A1B5-F225D4224913}.Release|x86.ActiveCfg = Release|Any CPU
		{C62E0ECE-88B6-4FCC-8C53-0420E3F9A7F0}.Debug|Any CPU.ActiveCfg = Debug|Any CPU
		{C62E0ECE-88B6-4FCC-8C53-0420E3F9A7F0}.Debug|Any CPU.Build.0 = Debug|Any CPU
		{C62E0ECE-88B6-4FCC-8C53-0420E3F9A7F0}.Debug|Mixed Platforms.ActiveCfg = Debug|Any CPU
		{C62E0ECE-88B6-4FCC-8C53-0420E3F9A7F0}.Debug|Mixed Platforms.Build.0 = Debug|Any CPU
		{C62E0ECE-88B6-4FCC-8C53-0420E3F9A7F0}.Debug|x86.ActiveCfg = Debug|Any CPU
		{C62E0ECE-88B6-4FCC-8C53-0420E3F9A7F0}.Release|Any CPU.ActiveCfg = Release|Any CPU
		{C62E0ECE-88B6-4FCC-8C53-0420E3F9A7F0}.Release|Any CPU.Build.0 = Release|Any CPU
		{C62E0ECE-88B6-4FCC-8C53-0420E3F9A7F0}.Release|Mixed Platforms.ActiveCfg = Release|Any CPU
		{C62E0ECE-88B6-4FCC-8C53-0420E3F9A7F0}.Release|Mixed Platforms.Build.0 = Release|Any CPU
		{C62E0ECE-88B6-4FCC-8C53-0420E3F9A7F0}.Release|x86.ActiveCfg = Release|Any CPU
		{28697493-02E3-4DF9-9D52-34200ACF84FD}.Debug|Any CPU.ActiveCfg = Debug|Any CPU
		{28697493-02E3-4DF9-9D52-34200ACF84FD}.Debug|Any CPU.Build.0 = Debug|Any CPU
		{28697493-02E3-4DF9-9D52-34200ACF84FD}.Debug|Mixed Platforms.ActiveCfg = Debug|Any CPU
		{28697493-02E3-4DF9-9D52-34200ACF84FD}.Debug|Mixed Platforms.Build.0 = Debug|Any CPU
		{28697493-02E3-4DF9-9D52-34200ACF84FD}.Debug|x86.ActiveCfg = Debug|Any CPU
		{28697493-02E3-4DF9-9D52-34200ACF84FD}.Release|Any CPU.ActiveCfg = Release|Any CPU
		{28697493-02E3-4DF9-9D52-34200ACF84FD}.Release|Any CPU.Build.0 = Release|Any CPU
		{28697493-02E3-4DF9-9D52-34200ACF84FD}.Release|Mixed Platforms.ActiveCfg = Release|Any CPU
		{28697493-02E3-4DF9-9D52-34200ACF84FD}.Release|Mixed Platforms.Build.0 = Release|Any CPU
		{28697493-02E3-4DF9-9D52-34200ACF84FD}.Release|x86.ActiveCfg = Release|Any CPU
		{FFF84EB9-7BE4-4F00-AFA7-8E18B9C9ACE4}.Debug|Any CPU.ActiveCfg = Debug|Any CPU
		{FFF84EB9-7BE4-4F00-AFA7-8E18B9C9ACE4}.Debug|Any CPU.Build.0 = Debug|Any CPU
		{FFF84EB9-7BE4-4F00-AFA7-8E18B9C9ACE4}.Debug|Mixed Platforms.ActiveCfg = Debug|Any CPU
		{FFF84EB9-7BE4-4F00-AFA7-8E18B9C9ACE4}.Debug|Mixed Platforms.Build.0 = Debug|Any CPU
		{FFF84EB9-7BE4-4F00-AFA7-8E18B9C9ACE4}.Debug|x86.ActiveCfg = Debug|Any CPU
		{FFF84EB9-7BE4-4F00-AFA7-8E18B9C9ACE4}.Release|Any CPU.ActiveCfg = Release|Any CPU
		{FFF84EB9-7BE4-4F00-AFA7-8E18B9C9ACE4}.Release|Any CPU.Build.0 = Release|Any CPU
		{FFF84EB9-7BE4-4F00-AFA7-8E18B9C9ACE4}.Release|Mixed Platforms.ActiveCfg = Release|Any CPU
		{FFF84EB9-7BE4-4F00-AFA7-8E18B9C9ACE4}.Release|Mixed Platforms.Build.0 = Release|Any CPU
		{FFF84EB9-7BE4-4F00-AFA7-8E18B9C9ACE4}.Release|x86.ActiveCfg = Release|Any CPU
		{1A5FA8A0-5B17-4721-9E9D-AD808ABF4D74}.Debug|Any CPU.ActiveCfg = Debug|Any CPU
		{1A5FA8A0-5B17-4721-9E9D-AD808ABF4D74}.Debug|Any CPU.Build.0 = Debug|Any CPU
		{1A5FA8A0-5B17-4721-9E9D-AD808ABF4D74}.Debug|Mixed Platforms.ActiveCfg = Debug|Any CPU
		{1A5FA8A0-5B17-4721-9E9D-AD808ABF4D74}.Debug|Mixed Platforms.Build.0 = Debug|Any CPU
		{1A5FA8A0-5B17-4721-9E9D-AD808ABF4D74}.Debug|x86.ActiveCfg = Debug|Any CPU
		{1A5FA8A0-5B17-4721-9E9D-AD808ABF4D74}.Release|Any CPU.ActiveCfg = Release|Any CPU
		{1A5FA8A0-5B17-4721-9E9D-AD808ABF4D74}.Release|Any CPU.Build.0 = Release|Any CPU
		{1A5FA8A0-5B17-4721-9E9D-AD808ABF4D74}.Release|Mixed Platforms.ActiveCfg = Release|Any CPU
		{1A5FA8A0-5B17-4721-9E9D-AD808ABF4D74}.Release|Mixed Platforms.Build.0 = Release|Any CPU
		{1A5FA8A0-5B17-4721-9E9D-AD808ABF4D74}.Release|x86.ActiveCfg = Release|Any CPU
		{E4758656-6AF0-49A0-85ED-31CA7DC6E291}.Debug|Any CPU.ActiveCfg = Debug|Any CPU
		{E4758656-6AF0-49A0-85ED-31CA7DC6E291}.Debug|Any CPU.Build.0 = Debug|Any CPU
		{E4758656-6AF0-49A0-85ED-31CA7DC6E291}.Debug|Mixed Platforms.ActiveCfg = Debug|Any CPU
		{E4758656-6AF0-49A0-85ED-31CA7DC6E291}.Debug|Mixed Platforms.Build.0 = Debug|Any CPU
		{E4758656-6AF0-49A0-85ED-31CA7DC6E291}.Debug|x86.ActiveCfg = Debug|Any CPU
		{E4758656-6AF0-49A0-85ED-31CA7DC6E291}.Release|Any CPU.ActiveCfg = Release|Any CPU
		{E4758656-6AF0-49A0-85ED-31CA7DC6E291}.Release|Any CPU.Build.0 = Release|Any CPU
		{E4758656-6AF0-49A0-85ED-31CA7DC6E291}.Release|Mixed Platforms.ActiveCfg = Release|Any CPU
		{E4758656-6AF0-49A0-85ED-31CA7DC6E291}.Release|Mixed Platforms.Build.0 = Release|Any CPU
		{E4758656-6AF0-49A0-85ED-31CA7DC6E291}.Release|x86.ActiveCfg = Release|Any CPU
		{6F2B9131-5DDC-4C7A-9F4F-0B039980D1F1}.Debug|Any CPU.ActiveCfg = Debug|Any CPU
		{6F2B9131-5DDC-4C7A-9F4F-0B039980D1F1}.Debug|Any CPU.Build.0 = Debug|Any CPU
		{6F2B9131-5DDC-4C7A-9F4F-0B039980D1F1}.Debug|Mixed Platforms.ActiveCfg = Debug|Any CPU
		{6F2B9131-5DDC-4C7A-9F4F-0B039980D1F1}.Debug|Mixed Platforms.Build.0 = Debug|Any CPU
		{6F2B9131-5DDC-4C7A-9F4F-0B039980D1F1}.Debug|x86.ActiveCfg = Debug|Any CPU
		{6F2B9131-5DDC-4C7A-9F4F-0B039980D1F1}.Release|Any CPU.ActiveCfg = Release|Any CPU
		{6F2B9131-5DDC-4C7A-9F4F-0B039980D1F1}.Release|Any CPU.Build.0 = Release|Any CPU
		{6F2B9131-5DDC-4C7A-9F4F-0B039980D1F1}.Release|Mixed Platforms.ActiveCfg = Release|Any CPU
		{6F2B9131-5DDC-4C7A-9F4F-0B039980D1F1}.Release|Mixed Platforms.Build.0 = Release|Any CPU
		{6F2B9131-5DDC-4C7A-9F4F-0B039980D1F1}.Release|x86.ActiveCfg = Release|Any CPU
		{96A49E70-BD5C-4F4D-B2D0-9602DC0578E0}.Debug|Any CPU.ActiveCfg = Debug|Any CPU
		{96A49E70-BD5C-4F4D-B2D0-9602DC0578E0}.Debug|Any CPU.Build.0 = Debug|Any CPU
		{96A49E70-BD5C-4F4D-B2D0-9602DC0578E0}.Debug|Mixed Platforms.ActiveCfg = Debug|Any CPU
		{96A49E70-BD5C-4F4D-B2D0-9602DC0578E0}.Debug|Mixed Platforms.Build.0 = Debug|Any CPU
		{96A49E70-BD5C-4F4D-B2D0-9602DC0578E0}.Debug|x86.ActiveCfg = Debug|Any CPU
		{96A49E70-BD5C-4F4D-B2D0-9602DC0578E0}.Release|Any CPU.ActiveCfg = Release|Any CPU
		{96A49E70-BD5C-4F4D-B2D0-9602DC0578E0}.Release|Any CPU.Build.0 = Release|Any CPU
		{96A49E70-BD5C-4F4D-B2D0-9602DC0578E0}.Release|Mixed Platforms.ActiveCfg = Release|Any CPU
		{96A49E70-BD5C-4F4D-B2D0-9602DC0578E0}.Release|Mixed Platforms.Build.0 = Release|Any CPU
		{96A49E70-BD5C-4F4D-B2D0-9602DC0578E0}.Release|x86.ActiveCfg = Release|Any CPU
		{596931CE-ECB8-42DD-B766-55729B973A29}.Debug|Any CPU.ActiveCfg = Debug|x86
		{596931CE-ECB8-42DD-B766-55729B973A29}.Debug|Mixed Platforms.ActiveCfg = Debug|x86
		{596931CE-ECB8-42DD-B766-55729B973A29}.Debug|Mixed Platforms.Build.0 = Debug|x86
		{596931CE-ECB8-42DD-B766-55729B973A29}.Debug|x86.ActiveCfg = Debug|x86
		{596931CE-ECB8-42DD-B766-55729B973A29}.Debug|x86.Build.0 = Debug|x86
		{596931CE-ECB8-42DD-B766-55729B973A29}.Release|Any CPU.ActiveCfg = Release|x86
		{596931CE-ECB8-42DD-B766-55729B973A29}.Release|Mixed Platforms.ActiveCfg = Release|x86
		{596931CE-ECB8-42DD-B766-55729B973A29}.Release|Mixed Platforms.Build.0 = Release|x86
		{596931CE-ECB8-42DD-B766-55729B973A29}.Release|x86.ActiveCfg = Release|x86
		{596931CE-ECB8-42DD-B766-55729B973A29}.Release|x86.Build.0 = Release|x86
		{6487DA74-5F1E-40D0-A472-E6AA4F9BEC20}.Debug|Any CPU.ActiveCfg = Debug|Any CPU
		{6487DA74-5F1E-40D0-A472-E6AA4F9BEC20}.Debug|Any CPU.Build.0 = Debug|Any CPU
		{6487DA74-5F1E-40D0-A472-E6AA4F9BEC20}.Debug|Mixed Platforms.ActiveCfg = Debug|Any CPU
		{6487DA74-5F1E-40D0-A472-E6AA4F9BEC20}.Debug|Mixed Platforms.Build.0 = Debug|Any CPU
		{6487DA74-5F1E-40D0-A472-E6AA4F9BEC20}.Debug|x86.ActiveCfg = Debug|Any CPU
		{6487DA74-5F1E-40D0-A472-E6AA4F9BEC20}.Release|Any CPU.ActiveCfg = Release|Any CPU
		{6487DA74-5F1E-40D0-A472-E6AA4F9BEC20}.Release|Any CPU.Build.0 = Release|Any CPU
		{6487DA74-5F1E-40D0-A472-E6AA4F9BEC20}.Release|Mixed Platforms.ActiveCfg = Release|Any CPU
		{6487DA74-5F1E-40D0-A472-E6AA4F9BEC20}.Release|Mixed Platforms.Build.0 = Release|Any CPU
		{6487DA74-5F1E-40D0-A472-E6AA4F9BEC20}.Release|x86.ActiveCfg = Release|Any CPU
		{5743757C-8FA3-4140-A79A-0F7B1195D843}.Debug|Any CPU.ActiveCfg = Debug|Any CPU
		{5743757C-8FA3-4140-A79A-0F7B1195D843}.Debug|Any CPU.Build.0 = Debug|Any CPU
		{5743757C-8FA3-4140-A79A-0F7B1195D843}.Debug|Mixed Platforms.ActiveCfg = Debug|Any CPU
		{5743757C-8FA3-4140-A79A-0F7B1195D843}.Debug|Mixed Platforms.Build.0 = Debug|Any CPU
		{5743757C-8FA3-4140-A79A-0F7B1195D843}.Debug|x86.ActiveCfg = Debug|Any CPU
		{5743757C-8FA3-4140-A79A-0F7B1195D843}.Release|Any CPU.ActiveCfg = Release|Any CPU
		{5743757C-8FA3-4140-A79A-0F7B1195D843}.Release|Any CPU.Build.0 = Release|Any CPU
		{5743757C-8FA3-4140-A79A-0F7B1195D843}.Release|Mixed Platforms.ActiveCfg = Release|Any CPU
		{5743757C-8FA3-4140-A79A-0F7B1195D843}.Release|Mixed Platforms.Build.0 = Release|Any CPU
		{5743757C-8FA3-4140-A79A-0F7B1195D843}.Release|x86.ActiveCfg = Release|Any CPU
		{7872AC28-144F-4374-B099-2BB845CFA062}.Debug|Any CPU.ActiveCfg = Debug|Any CPU
		{7872AC28-144F-4374-B099-2BB845CFA062}.Debug|Any CPU.Build.0 = Debug|Any CPU
		{7872AC28-144F-4374-B099-2BB845CFA062}.Debug|Mixed Platforms.ActiveCfg = Debug|Any CPU
		{7872AC28-144F-4374-B099-2BB845CFA062}.Debug|Mixed Platforms.Build.0 = Debug|Any CPU
		{7872AC28-144F-4374-B099-2BB845CFA062}.Debug|x86.ActiveCfg = Debug|Any CPU
		{7872AC28-144F-4374-B099-2BB845CFA062}.Release|Any CPU.ActiveCfg = Release|Any CPU
		{7872AC28-144F-4374-B099-2BB845CFA062}.Release|Any CPU.Build.0 = Release|Any CPU
		{7872AC28-144F-4374-B099-2BB845CFA062}.Release|Mixed Platforms.ActiveCfg = Release|Any CPU
		{7872AC28-144F-4374-B099-2BB845CFA062}.Release|Mixed Platforms.Build.0 = Release|Any CPU
		{7872AC28-144F-4374-B099-2BB845CFA062}.Release|x86.ActiveCfg = Release|Any CPU
		{656AC580-FFFB-42EE-9C35-BC3997857D0A}.Debug|Any CPU.ActiveCfg = Debug|Any CPU
		{656AC580-FFFB-42EE-9C35-BC3997857D0A}.Debug|Any CPU.Build.0 = Debug|Any CPU
		{656AC580-FFFB-42EE-9C35-BC3997857D0A}.Debug|Mixed Platforms.ActiveCfg = Debug|Any CPU
		{656AC580-FFFB-42EE-9C35-BC3997857D0A}.Debug|Mixed Platforms.Build.0 = Debug|Any CPU
		{656AC580-FFFB-42EE-9C35-BC3997857D0A}.Debug|x86.ActiveCfg = Debug|Any CPU
		{656AC580-FFFB-42EE-9C35-BC3997857D0A}.Release|Any CPU.ActiveCfg = Release|Any CPU
		{656AC580-FFFB-42EE-9C35-BC3997857D0A}.Release|Any CPU.Build.0 = Release|Any CPU
		{656AC580-FFFB-42EE-9C35-BC3997857D0A}.Release|Mixed Platforms.ActiveCfg = Release|Any CPU
		{656AC580-FFFB-42EE-9C35-BC3997857D0A}.Release|Mixed Platforms.Build.0 = Release|Any CPU
		{656AC580-FFFB-42EE-9C35-BC3997857D0A}.Release|x86.ActiveCfg = Release|Any CPU
		{2DA79ADD-CD4B-46CF-B2BF-858A5F9C688A}.Debug|Any CPU.ActiveCfg = Debug|Any CPU
		{2DA79ADD-CD4B-46CF-B2BF-858A5F9C688A}.Debug|Any CPU.Build.0 = Debug|Any CPU
		{2DA79ADD-CD4B-46CF-B2BF-858A5F9C688A}.Debug|Mixed Platforms.ActiveCfg = Debug|Any CPU
		{2DA79ADD-CD4B-46CF-B2BF-858A5F9C688A}.Debug|Mixed Platforms.Build.0 = Debug|Any CPU
		{2DA79ADD-CD4B-46CF-B2BF-858A5F9C688A}.Debug|x86.ActiveCfg = Debug|Any CPU
		{2DA79ADD-CD4B-46CF-B2BF-858A5F9C688A}.Release|Any CPU.ActiveCfg = Release|Any CPU
		{2DA79ADD-CD4B-46CF-B2BF-858A5F9C688A}.Release|Any CPU.Build.0 = Release|Any CPU
		{2DA79ADD-CD4B-46CF-B2BF-858A5F9C688A}.Release|Mixed Platforms.ActiveCfg = Release|Any CPU
		{2DA79ADD-CD4B-46CF-B2BF-858A5F9C688A}.Release|Mixed Platforms.Build.0 = Release|Any CPU
		{2DA79ADD-CD4B-46CF-B2BF-858A5F9C688A}.Release|x86.ActiveCfg = Release|Any CPU
		{0EFC25AF-F5C8-4BD7-B876-9F1B04D435EB}.Debug|Any CPU.ActiveCfg = Debug|Any CPU
		{0EFC25AF-F5C8-4BD7-B876-9F1B04D435EB}.Debug|Any CPU.Build.0 = Debug|Any CPU
		{0EFC25AF-F5C8-4BD7-B876-9F1B04D435EB}.Debug|Mixed Platforms.ActiveCfg = Debug|Any CPU
		{0EFC25AF-F5C8-4BD7-B876-9F1B04D435EB}.Debug|Mixed Platforms.Build.0 = Debug|Any CPU
		{0EFC25AF-F5C8-4BD7-B876-9F1B04D435EB}.Debug|x86.ActiveCfg = Debug|Any CPU
		{0EFC25AF-F5C8-4BD7-B876-9F1B04D435EB}.Release|Any CPU.ActiveCfg = Release|Any CPU
		{0EFC25AF-F5C8-4BD7-B876-9F1B04D435EB}.Release|Any CPU.Build.0 = Release|Any CPU
		{0EFC25AF-F5C8-4BD7-B876-9F1B04D435EB}.Release|Mixed Platforms.ActiveCfg = Release|Any CPU
		{0EFC25AF-F5C8-4BD7-B876-9F1B04D435EB}.Release|Mixed Platforms.Build.0 = Release|Any CPU
		{0EFC25AF-F5C8-4BD7-B876-9F1B04D435EB}.Release|x86.ActiveCfg = Release|Any CPU
		{96E57BDA-6F29-4A9C-BE75-BF79FC6105FA}.Debug|Any CPU.ActiveCfg = Debug|Any CPU
		{96E57BDA-6F29-4A9C-BE75-BF79FC6105FA}.Debug|Any CPU.Build.0 = Debug|Any CPU
		{96E57BDA-6F29-4A9C-BE75-BF79FC6105FA}.Debug|Mixed Platforms.ActiveCfg = Debug|Any CPU
		{96E57BDA-6F29-4A9C-BE75-BF79FC6105FA}.Debug|Mixed Platforms.Build.0 = Debug|Any CPU
		{96E57BDA-6F29-4A9C-BE75-BF79FC6105FA}.Debug|x86.ActiveCfg = Debug|Any CPU
		{96E57BDA-6F29-4A9C-BE75-BF79FC6105FA}.Release|Any CPU.ActiveCfg = Release|Any CPU
		{96E57BDA-6F29-4A9C-BE75-BF79FC6105FA}.Release|Any CPU.Build.0 = Release|Any CPU
		{96E57BDA-6F29-4A9C-BE75-BF79FC6105FA}.Release|Mixed Platforms.ActiveCfg = Release|Any CPU
		{96E57BDA-6F29-4A9C-BE75-BF79FC6105FA}.Release|Mixed Platforms.Build.0 = Release|Any CPU
		{96E57BDA-6F29-4A9C-BE75-BF79FC6105FA}.Release|x86.ActiveCfg = Release|Any CPU
	EndGlobalSection
	GlobalSection(SolutionProperties) = preSolution
		HideSolutionNode = FALSE
	EndGlobalSection
	GlobalSection(NestedProjects) = preSolution
		{114AC81B-F86F-4329-B693-124A573D8873} = {C44BE8DE-82C1-418D-94E0-EC90A37E3A38}
		{3BBC76D6-DFD9-4CDC-9B30-4E650BCD83AA} = {C44BE8DE-82C1-418D-94E0-EC90A37E3A38}
		{FB0FEACB-27BA-4020-9739-83BDB2CD21CE} = {C44BE8DE-82C1-418D-94E0-EC90A37E3A38}
		{299F0E12-F8BE-419E-8A78-60FEEF3CA008} = {C44BE8DE-82C1-418D-94E0-EC90A37E3A38}
		{6BE4D1F7-86A7-4593-A1B5-F225D4224913} = {C44BE8DE-82C1-418D-94E0-EC90A37E3A38}
		{C62E0ECE-88B6-4FCC-8C53-0420E3F9A7F0} = {C44BE8DE-82C1-418D-94E0-EC90A37E3A38}
		{28697493-02E3-4DF9-9D52-34200ACF84FD} = {C44BE8DE-82C1-418D-94E0-EC90A37E3A38}
		{FFF84EB9-7BE4-4F00-AFA7-8E18B9C9ACE4} = {C44BE8DE-82C1-418D-94E0-EC90A37E3A38}
		{6F2B9131-5DDC-4C7A-9F4F-0B039980D1F1} = {C44BE8DE-82C1-418D-94E0-EC90A37E3A38}
		{96A49E70-BD5C-4F4D-B2D0-9602DC0578E0} = {C44BE8DE-82C1-418D-94E0-EC90A37E3A38}
		{6487DA74-5F1E-40D0-A472-E6AA4F9BEC20} = {C44BE8DE-82C1-418D-94E0-EC90A37E3A38}
		{5743757C-8FA3-4140-A79A-0F7B1195D843} = {C44BE8DE-82C1-418D-94E0-EC90A37E3A38}
		{96E57BDA-6F29-4A9C-BE75-BF79FC6105FA} = {C44BE8DE-82C1-418D-94E0-EC90A37E3A38}
		{1A5FA8A0-5B17-4721-9E9D-AD808ABF4D74} = {114AC81B-F86F-4329-B693-124A573D8873}
		{2DA79ADD-CD4B-46CF-B2BF-858A5F9C688A} = {114AC81B-F86F-4329-B693-124A573D8873}
		{E4758656-6AF0-49A0-85ED-31CA7DC6E291} = {3BBC76D6-DFD9-4CDC-9B30-4E650BCD83AA}
		{0EFC25AF-F5C8-4BD7-B876-9F1B04D435EB} = {3BBC76D6-DFD9-4CDC-9B30-4E650BCD83AA}
		{656AC580-FFFB-42EE-9C35-BC3997857D0A} = {141F0434-C02E-428B-AD16-3A98A4D3A0AD}
		{596931CE-ECB8-42DD-B766-55729B973A29} = {141F0434-C02E-428B-AD16-3A98A4D3A0AD}
	EndGlobalSection
EndGlobal
